// !$*UTF8*$!
{
	archiveVersion = 1;
	classes = {
	};
	objectVersion = 46;
	objects = {

/* Begin PBXBuildFile section */
		800A11C31E90B1DC00263C7F /* main.m in Sources */ = {isa = PBXBuildFile; fileRef = 800A11C21E90B1DC00263C7F /* main.m */; };
/* End PBXBuildFile section */

/* Begin PBXCopyFilesBuildPhase section */
		800A11BD1E90B1DC00263C7F /* CopyFiles */ = {
			isa = PBXCopyFilesBuildPhase;
			buildActionMask = 2147483647;
			dstPath = /usr/share/man/man1/;
			dstSubfolderSpec = 0;
			files = (
			);
			runOnlyForDeploymentPostprocessing = 1;
		};
/* End PBXCopyFilesBuildPhase section */

/* Begin PBXFileReference section */
		800A11BF1E90B1DC00263C7F /* iOSDeviceControl */ = {isa = PBXFileReference; explicitFileType = "compiled.mach-o.executable"; includeInIndex = 0; path = iOSDeviceControl; sourceTree = BUILT_PRODUCTS_DIR; };
		800A11C21E90B1DC00263C7F /* main.m */ = {isa = PBXFileReference; lastKnownFileType = sourcecode.c.objc; path = main.m; sourceTree = "<group>"; };
		800A11C91E90B23500263C7F /* XRMobileDeviceDiscoveryPlugIn.h */ = {isa = PBXFileReference; lastKnownFileType = sourcecode.c.h; path = XRMobileDeviceDiscoveryPlugIn.h; sourceTree = "<group>"; };
		800A11CA1E91277000263C7F /* version.h */ = {isa = PBXFileReference; fileEncoding = 4; lastKnownFileType = sourcecode.c.h; path = version.h; sourceTree = "<group>"; };
/* End PBXFileReference section */

/* Begin PBXFrameworksBuildPhase section */
		800A11BC1E90B1DC00263C7F /* Frameworks */ = {
			isa = PBXFrameworksBuildPhase;
			buildActionMask = 2147483647;
			files = (
			);
			runOnlyForDeploymentPostprocessing = 0;
		};
/* End PBXFrameworksBuildPhase section */

/* Begin PBXGroup section */
		800A11B61E90B1DC00263C7F = {
			isa = PBXGroup;
			children = (
				800A11C11E90B1DC00263C7F /* iOSDeviceControl */,
				800A11C01E90B1DC00263C7F /* Products */,
			);
			sourceTree = "<group>";
		};
		800A11C01E90B1DC00263C7F /* Products */ = {
			isa = PBXGroup;
			children = (
				800A11BF1E90B1DC00263C7F /* iOSDeviceControl */,
			);
			name = Products;
			sourceTree = "<group>";
		};
		800A11C11E90B1DC00263C7F /* iOSDeviceControl */ = {
			isa = PBXGroup;
			children = (
				800A11C21E90B1DC00263C7F /* main.m */,
				800A11CA1E91277000263C7F /* version.h */,
				800A11C91E90B23500263C7F /* XRMobileDeviceDiscoveryPlugIn.h */,
			);
			path = iOSDeviceControl;
			sourceTree = "<group>";
		};
/* End PBXGroup section */

/* Begin PBXNativeTarget section */
		800A11BE1E90B1DC00263C7F /* iOSDeviceControl */ = {
			isa = PBXNativeTarget;
			buildConfigurationList = 800A11C61E90B1DC00263C7F /* Build configuration list for PBXNativeTarget "iOSDeviceControl" */;
			buildPhases = (
				800A11BB1E90B1DC00263C7F /* Sources */,
				800A11BC1E90B1DC00263C7F /* Frameworks */,
				800A11BD1E90B1DC00263C7F /* CopyFiles */,
			);
			buildRules = (
			);
			dependencies = (
			);
			name = iOSDeviceControl;
			productName = iOSDeviceControl;
			productReference = 800A11BF1E90B1DC00263C7F /* iOSDeviceControl */;
			productType = "com.apple.product-type.tool";
		};
/* End PBXNativeTarget section */

/* Begin PBXProject section */
		800A11B71E90B1DC00263C7F /* Project object */ = {
			isa = PBXProject;
			attributes = {
				LastUpgradeCheck = 0820;
				ORGANIZATIONNAME = CorbinChen;
				TargetAttributes = {
					800A11BE1E90B1DC00263C7F = {
						CreatedOnToolsVersion = 8.2;
						ProvisioningStyle = Automatic;
					};
				};
			};
			buildConfigurationList = 800A11BA1E90B1DC00263C7F /* Build configuration list for PBXProject "iOSDeviceControl" */;
			compatibilityVersion = "Xcode 3.2";
			developmentRegion = English;
			hasScannedForEncodings = 0;
			knownRegions = (
				en,
			);
			mainGroup = 800A11B61E90B1DC00263C7F;
			productRefGroup = 800A11C01E90B1DC00263C7F /* Products */;
			projectDirPath = "";
			projectRoot = "";
			targets = (
				800A11BE1E90B1DC00263C7F /* iOSDeviceControl */,
			);
		};
/* End PBXProject section */

/* Begin PBXSourcesBuildPhase section */
		800A11BB1E90B1DC00263C7F /* Sources */ = {
			isa = PBXSourcesBuildPhase;
			buildActionMask = 2147483647;
			files = (
				800A11C31E90B1DC00263C7F /* main.m in Sources */,
			);
			runOnlyForDeploymentPostprocessing = 0;
		};
/* End PBXSourcesBuildPhase section */

/* Begin XCBuildConfiguration section */
		800A11C41E90B1DC00263C7F /* Debug */ = {
			isa = XCBuildConfiguration;
			buildSettings = {
				ALWAYS_SEARCH_USER_PATHS = NO;
				CLANG_ANALYZER_NONNULL = YES;
				CLANG_CXX_LANGUAGE_STANDARD = "gnu++0x";
				CLANG_CXX_LIBRARY = "libc++";
				CLANG_ENABLE_MODULES = YES;
				CLANG_ENABLE_OBJC_ARC = YES;
				CLANG_WARN_BOOL_CONVERSION = YES;
				CLANG_WARN_CONSTANT_CONVERSION = YES;
				CLANG_WARN_DIRECT_OBJC_ISA_USAGE = YES_ERROR;
				CLANG_WARN_DOCUMENTATION_COMMENTS = YES;
				CLANG_WARN_EMPTY_BODY = YES;
				CLANG_WARN_ENUM_CONVERSION = YES;
				CLANG_WARN_INFINITE_RECURSION = YES;
				CLANG_WARN_INT_CONVERSION = YES;
				CLANG_WARN_OBJC_ROOT_CLASS = YES_ERROR;
				CLANG_WARN_SUSPICIOUS_MOVE = YES;
				CLANG_WARN_UNREACHABLE_CODE = YES;
				CLANG_WARN__DUPLICATE_METHOD_MATCH = YES;
				CODE_SIGN_IDENTITY = "-";
				COPY_PHASE_STRIP = NO;
				DEBUG_INFORMATION_FORMAT = dwarf;
				ENABLE_STRICT_OBJC_MSGSEND = YES;
				ENABLE_TESTABILITY = YES;
				GCC_C_LANGUAGE_STANDARD = gnu99;
				GCC_DYNAMIC_NO_PIC = NO;
				GCC_NO_COMMON_BLOCKS = YES;
				GCC_OPTIMIZATION_LEVEL = 0;
				GCC_PREPROCESSOR_DEFINITIONS = (
					"DEBUG=1",
					"$(inherited)",
				);
				GCC_WARN_64_TO_32_BIT_CONVERSION = YES;
				GCC_WARN_ABOUT_RETURN_TYPE = YES_ERROR;
				GCC_WARN_UNDECLARED_SELECTOR = YES;
				GCC_WARN_UNINITIALIZED_AUTOS = YES_AGGRESSIVE;
				GCC_WARN_UNUSED_FUNCTION = YES;
				GCC_WARN_UNUSED_VARIABLE = YES;
				MACOSX_DEPLOYMENT_TARGET = 10.12;
				MTL_ENABLE_DEBUG_INFO = YES;
				ONLY_ACTIVE_ARCH = YES;
				SDKROOT = macosx;
			};
			name = Debug;
		};
		800A11C51E90B1DC00263C7F /* Release */ = {
			isa = XCBuildConfiguration;
			buildSettings = {
				ALWAYS_SEARCH_USER_PATHS = NO;
				CLANG_ANALYZER_NONNULL = YES;
				CLANG_CXX_LANGUAGE_STANDARD = "gnu++0x";
				CLANG_CXX_LIBRARY = "libc++";
				CLANG_ENABLE_MODULES = YES;
				CLANG_ENABLE_OBJC_ARC = YES;
				CLANG_WARN_BOOL_CONVERSION = YES;
				CLANG_WARN_CONSTANT_CONVERSION = YES;
				CLANG_WARN_DIRECT_OBJC_ISA_USAGE = YES_ERROR;
				CLANG_WARN_DOCUMENTATION_COMMENTS = YES;
				CLANG_WARN_EMPTY_BODY = YES;
				CLANG_WARN_ENUM_CONVERSION = YES;
				CLANG_WARN_INFINITE_RECURSION = YES;
				CLANG_WARN_INT_CONVERSION = YES;
				CLANG_WARN_OBJC_ROOT_CLASS = YES_ERROR;
				CLANG_WARN_SUSPICIOUS_MOVE = YES;
				CLANG_WARN_UNREACHABLE_CODE = YES;
				CLANG_WARN__DUPLICATE_METHOD_MATCH = YES;
				CODE_SIGN_IDENTITY = "-";
				COPY_PHASE_STRIP = NO;
				DEBUG_INFORMATION_FORMAT = "dwarf-with-dsym";
				ENABLE_NS_ASSERTIONS = NO;
				ENABLE_STRICT_OBJC_MSGSEND = YES;
				GCC_C_LANGUAGE_STANDARD = gnu99;
				GCC_NO_COMMON_BLOCKS = YES;
				GCC_WARN_64_TO_32_BIT_CONVERSION = YES;
				GCC_WARN_ABOUT_RETURN_TYPE = YES_ERROR;
				GCC_WARN_UNDECLARED_SELECTOR = YES;
				GCC_WARN_UNINITIALIZED_AUTOS = YES_AGGRESSIVE;
				GCC_WARN_UNUSED_FUNCTION = YES;
				GCC_WARN_UNUSED_VARIABLE = YES;
				MACOSX_DEPLOYMENT_TARGET = 10.12;
				MTL_ENABLE_DEBUG_INFO = NO;
				SDKROOT = macosx;
			};
			name = Release;
		};
		800A11C71E90B1DC00263C7F /* Debug */ = {
			isa = XCBuildConfiguration;
			buildSettings = {
				PRODUCT_NAME = "$(TARGET_NAME)";
			};
			name = Debug;
		};
		800A11C81E90B1DC00263C7F /* Release */ = {
			isa = XCBuildConfiguration;
			buildSettings = {
				PRODUCT_NAME = "$(TARGET_NAME)";
			};
			name = Release;
		};
/* End XCBuildConfiguration section */

/* Begin XCConfigurationList section */
		800A11BA1E90B1DC00263C7F /* Build configuration list for PBXProject "iOSDeviceControl" */ = {
			isa = XCConfigurationList;
			buildConfigurations = (
				800A11C41E90B1DC00263C7F /* Debug */,
				800A11C51E90B1DC00263C7F /* Release */,
			);
			defaultConfigurationIsVisible = 0;
			defaultConfigurationName = Release;
		};
		800A11C61E90B1DC00263C7F /* Build configuration list for PBXNativeTarget "iOSDeviceControl" */ = {
			isa = XCConfigurationList;
			buildConfigurations = (
				800A11C71E90B1DC00263C7F /* Debug */,
				800A11C81E90B1DC00263C7F /* Release */,
			);
			defaultConfigurationIsVisible = 0;
			defaultConfigurationName = Release;
		};
/* End XCConfigurationList section */
	};
	rootObject = 800A11B71E90B1DC00263C7F /* Project object */;
}
